<?xml version="1.0" encoding="utf-8"?>
<Project ToolsVersion="4.0" xmlns="http://schemas.microsoft.com/developer/msbuild/2003">
  <ItemGroup>
    <ClCompile Include="CJsonObject\cJSON.c">
      <Filter>CJsonObject</Filter>
    </ClCompile>
    <ClCompile Include="CJsonObject\CJsonObject.cpp">
      <Filter>CJsonObject</Filter>
    </ClCompile>
    <ClCompile Include="main.cpp">
      <Filter>Source Files</Filter>
    </ClCompile>
    <ClCompile Include="CloseButton.cpp">
      <Filter>Source Files\editor\buttons</Filter>
    </ClCompile>
    <ClCompile Include="FloatButton.cpp">
      <Filter>Source Files\editor\buttons</Filter>
    </ClCompile>
    <ClCompile Include="MainMenuButton.cpp">
      <Filter>Source Files\editor\buttons</Filter>
    </ClCompile>
    <ClCompile Include="MaxiumButton.cpp">
      <Filter>Source Files\editor\buttons</Filter>
    </ClCompile>
    <ClCompile Include="MiniumButton.cpp">
      <Filter>Source Files\editor\buttons</Filter>
    </ClCompile>
    <ClCompile Include="PermanentToolButton.cpp">
      <Filter>Source Files\editor\buttons</Filter>
    </ClCompile>
    <ClCompile Include="TitleButton.cpp">
      <Filter>Source Files\editor\buttons</Filter>
    </ClCompile>
    <ClCompile Include="ToolButton.cpp">
      <Filter>Source Files\editor\buttons</Filter>
    </ClCompile>
    <ClCompile Include="MainMenuBar.cpp">
      <Filter>Source Files\editor\bars</Filter>
    </ClCompile>
    <ClCompile Include="ToolBar.cpp">
      <Filter>Source Files\editor\bars</Filter>
    </ClCompile>
    <ClCompile Include="GetConfig.cpp">
      <Filter>Source Files\utils</Filter>
    </ClCompile>
    <ClCompile Include="GetStyle.cpp">
      <Filter>Source Files\utils</Filter>
    </ClCompile>
    <ClCompile Include="GetTrans.cpp">
      <Filter>Source Files\utils</Filter>
    </ClCompile>
    <ClCompile Include="Infinity_global.cpp">
      <Filter>Source Files\utils</Filter>
    </ClCompile>
    <ClCompile Include="Infinity_Events.cpp">
      <Filter>Source Files\utils</Filter>
    </ClCompile>
    <ClCompile Include="StyleContainer.cpp">
      <Filter>Source Files\utils</Filter>
    </ClCompile>
    <ClCompile Include="MultiToolButton.cpp">
      <Filter>Source Files\editor\buttons</Filter>
    </ClCompile>
    <ClCompile Include="StatusBar.cpp">
      <Filter>Source Files\editor\bars</Filter>
    </ClCompile>
    <ClCompile Include="ClickButton.cpp">
      <Filter>Source Files\editor\buttons</Filter>
    </ClCompile>
    <ClCompile Include="ConsoleButton.cpp">
      <Filter>Source Files\editor\buttons</Filter>
    </ClCompile>
    <ClCompile Include="CentralWidget.cpp">
      <Filter>Source Files\editor</Filter>
    </ClCompile>
    <ClCompile Include="InfinityStudio0.cpp">
      <Filter>Source Files\editor</Filter>
    </ClCompile>
    <ClCompile Include="NoteWidget.cpp">
      <Filter>Source Files\editor</Filter>
    </ClCompile>
    <ClCompile Include="ParamWidget.cpp">
      <Filter>Source Files\editor</Filter>
    </ClCompile>
    <ClCompile Include="RefreshableWidget.cpp">
      <Filter>Source Files\editor</Filter>
    </ClCompile>
    <ClCompile Include="Title.cpp">
      <Filter>Source Files\editor</Filter>
    </ClCompile>
    <ClCompile Include="TrackWidget.cpp">
      <Filter>Source Files\editor</Filter>
    </ClCompile>
    <ClCompile Include="ConsoleWidget.cpp">
      <Filter>Source Files\editor</Filter>
    </ClCompile>
    <ClCompile Include="VScollBar.cpp">
      <Filter>Source Files\editor\bars</Filter>
    </ClCompile>
    <ClCompile Include="ConsoleScollBar.cpp">
      <Filter>Source Files\editor\bars</Filter>
    </ClCompile>
    <ClCompile Include="ILVM.cpp">
      <Filter>Source Files\vm</Filter>
    </ClCompile>
    <ClCompile Include="LThread.cpp">
      <Filter>Source Files\vm</Filter>
    </ClCompile>
    <ClCompile Include="Lua\lapi.c">
      <Filter>Lua</Filter>
    </ClCompile>
    <ClCompile Include="Lua\lauxlib.c">
      <Filter>Lua</Filter>
    </ClCompile>
    <ClCompile Include="Lua\lbaselib.c">
      <Filter>Lua</Filter>
    </ClCompile>
    <ClCompile Include="Lua\lcode.c">
      <Filter>Lua</Filter>
    </ClCompile>
    <ClCompile Include="Lua\lcorolib.c">
      <Filter>Lua</Filter>
    </ClCompile>
    <ClCompile Include="Lua\lctype.c">
      <Filter>Lua</Filter>
    </ClCompile>
    <ClCompile Include="Lua\ldblib.c">
      <Filter>Lua</Filter>
    </ClCompile>
    <ClCompile Include="Lua\ldebug.c">
      <Filter>Lua</Filter>
    </ClCompile>
    <ClCompile Include="Lua\ldo.c">
      <Filter>Lua</Filter>
    </ClCompile>
    <ClCompile Include="Lua\ldump.c">
      <Filter>Lua</Filter>
    </ClCompile>
    <ClCompile Include="Lua\lfunc.c">
      <Filter>Lua</Filter>
    </ClCompile>
    <ClCompile Include="Lua\lgc.c">
      <Filter>Lua</Filter>
    </ClCompile>
    <ClCompile Include="Lua\linit.c">
      <Filter>Lua</Filter>
    </ClCompile>
    <ClCompile Include="Lua\liolib.c">
      <Filter>Lua</Filter>
    </ClCompile>
    <ClCompile Include="Lua\llex.c">
      <Filter>Lua</Filter>
    </ClCompile>
    <ClCompile Include="Lua\lmathlib.c">
      <Filter>Lua</Filter>
    </ClCompile>
    <ClCompile Include="Lua\lmem.c">
      <Filter>Lua</Filter>
    </ClCompile>
    <ClCompile Include="Lua\loadlib.c">
      <Filter>Lua</Filter>
    </ClCompile>
    <ClCompile Include="Lua\lobject.c">
      <Filter>Lua</Filter>
    </ClCompile>
    <ClCompile Include="Lua\lopcodes.c">
      <Filter>Lua</Filter>
    </ClCompile>
    <ClCompile Include="Lua\loslib.c">
      <Filter>Lua</Filter>
    </ClCompile>
    <ClCompile Include="Lua\lparser.c">
      <Filter>Lua</Filter>
    </ClCompile>
    <ClCompile Include="Lua\lstate.c">
      <Filter>Lua</Filter>
    </ClCompile>
    <ClCompile Include="Lua\lstring.c">
      <Filter>Lua</Filter>
    </ClCompile>
    <ClCompile Include="Lua\lstrlib.c">
      <Filter>Lua</Filter>
    </ClCompile>
    <ClCompile Include="Lua\ltable.c">
      <Filter>Lua</Filter>
    </ClCompile>
    <ClCompile Include="Lua\ltablib.c">
      <Filter>Lua</Filter>
    </ClCompile>
    <ClCompile Include="Lua\ltm.c">
      <Filter>Lua</Filter>
    </ClCompile>
    <ClCompile Include="Lua\lua.c">
      <Filter>Lua</Filter>
    </ClCompile>
    <ClCompile Include="Lua\luac.c">
      <Filter>Lua</Filter>
    </ClCompile>
    <ClCompile Include="Lua\lundump.c">
      <Filter>Lua</Filter>
    </ClCompile>
    <ClCompile Include="Lua\lutf8lib.c">
      <Filter>Lua</Filter>
    </ClCompile>
    <ClCompile Include="Lua\lvm.c">
      <Filter>Lua</Filter>
    </ClCompile>
    <ClCompile Include="Lua\lzio.c">
      <Filter>Lua</Filter>
    </ClCompile>
    <ClCompile Include="Lua\Infinity\IIO.c">
      <Filter>Lua\Infinity</Filter>
    </ClCompile>
    <ClCompile Include="StatusButton.cpp">
      <Filter>Source Files\editor\buttons</Filter>
    </ClCompile>
    <ClCompile Include="VMStateButton.cpp">
      <Filter>Source Files\editor\buttons</Filter>
    </ClCompile>
    <ClCompile Include="StringQueueThread.cpp">
      <Filter>Source Files\utils</Filter>
    </ClCompile>
    <ClCompile Include="ILLibs.cpp">
      <Filter>Source Files\llibs</Filter>
    </ClCompile>
    <ClCompile Include="Pb\tparam.pb.cc">
      <Filter>Pb</Filter>
    </ClCompile>
    <ClCompile Include="Pb\track.pb.cc">
      <Filter>Pb</Filter>
    </ClCompile>
    <ClCompile Include="Pb\wave.pb.cc">
      <Filter>Pb</Filter>
    </ClCompile>
    <ClCompile Include="Pb\effect.pb.cc">
      <Filter>Pb</Filter>
    </ClCompile>
    <ClCompile Include="Pb\note.pb.cc">
      <Filter>Pb</Filter>
    </ClCompile>
    <ClCompile Include="Pb\nparam.pb.cc">
      <Filter>Pb</Filter>
    </ClCompile>
    <ClCompile Include="Pb\point.pb.cc">
      <Filter>Pb</Filter>
    </ClCompile>
    <ClCompile Include="Pb\ppatt.pb.cc">
      <Filter>Pb</Filter>
    </ClCompile>
    <ClCompile Include="Pb\project.pb.cc">
      <Filter>Pb</Filter>
    </ClCompile>
    <ClCompile Include="Pb\utils\pair.pb.cc">
      <Filter>Pb\utils</Filter>
    </ClCompile>
    <ClCompile Include="google\protobuf\any.cc">
      <Filter>google\protobuf</Filter>
    </ClCompile>
    <ClCompile Include="google\protobuf\any.pb.cc">
      <Filter>google\protobuf</Filter>
    </ClCompile>
    <ClCompile Include="google\protobuf\any_lite.cc">
      <Filter>google\protobuf</Filter>
    </ClCompile>
    <ClCompile Include="google\protobuf\api.pb.cc">
      <Filter>google\protobuf</Filter>
    </ClCompile>
    <ClCompile Include="google\protobuf\arena.cc">
      <Filter>google\protobuf</Filter>
    </ClCompile>
    <ClCompile Include="google\protobuf\arenastring.cc">
      <Filter>google\protobuf</Filter>
    </ClCompile>
    <ClCompile Include="google\protobuf\descriptor.cc">
      <Filter>google\protobuf</Filter>
    </ClCompile>
    <ClCompile Include="google\protobuf\descriptor.pb.cc">
      <Filter>google\protobuf</Filter>
    </ClCompile>
    <ClCompile Include="google\protobuf\descriptor_database.cc">
      <Filter>google\protobuf</Filter>
    </ClCompile>
    <ClCompile Include="google\protobuf\duration.pb.cc">
      <Filter>google\protobuf</Filter>
    </ClCompile>
    <ClCompile Include="google\protobuf\dynamic_message.cc">
      <Filter>google\protobuf</Filter>
    </ClCompile>
    <ClCompile Include="google\protobuf\empty.pb.cc">
      <Filter>google\protobuf</Filter>
    </ClCompile>
    <ClCompile Include="google\protobuf\extension_set.cc">
      <Filter>google\protobuf</Filter>
    </ClCompile>
    <ClCompile Include="google\protobuf\extension_set_heavy.cc">
      <Filter>google\protobuf</Filter>
    </ClCompile>
    <ClCompile Include="google\protobuf\field_access_listener.cc">
      <Filter>google\protobuf</Filter>
    </ClCompile>
    <ClCompile Include="google\protobuf\field_mask.pb.cc">
      <Filter>google\protobuf</Filter>
    </ClCompile>
    <ClCompile Include="google\protobuf\generated_enum_util.cc">
      <Filter>google\protobuf</Filter>
    </ClCompile>
    <ClCompile Include="google\protobuf\generated_message_reflection.cc">
      <Filter>google\protobuf</Filter>
    </ClCompile>
    <ClCompile Include="google\protobuf\generated_message_table_driven.cc">
      <Filter>google\protobuf</Filter>
    </ClCompile>
    <ClCompile Include="google\protobuf\generated_message_table_driven_lite.cc">
      <Filter>google\protobuf</Filter>
    </ClCompile>
    <ClCompile Include="google\protobuf\generated_message_util.cc">
      <Filter>google\protobuf</Filter>
    </ClCompile>
    <ClCompile Include="google\protobuf\implicit_weak_message.cc">
      <Filter>google\protobuf</Filter>
    </ClCompile>
    <ClCompile Include="google\protobuf\map.cc">
      <Filter>google\protobuf</Filter>
    </ClCompile>
    <ClCompile Include="google\protobuf\map_field.cc">
      <Filter>google\protobuf</Filter>
    </ClCompile>
    <ClCompile Include="google\protobuf\message.cc">
      <Filter>google\protobuf</Filter>
    </ClCompile>
    <ClCompile Include="google\protobuf\message_lite.cc">
      <Filter>google\protobuf</Filter>
    </ClCompile>
    <ClCompile Include="google\protobuf\parse_context.cc">
      <Filter>google\protobuf</Filter>
    </ClCompile>
    <ClCompile Include="google\protobuf\reflection_ops.cc">
      <Filter>google\protobuf</Filter>
    </ClCompile>
    <ClCompile Include="google\protobuf\repeated_field.cc">
      <Filter>google\protobuf</Filter>
    </ClCompile>
    <ClCompile Include="google\protobuf\service.cc">
      <Filter>google\protobuf</Filter>
    </ClCompile>
    <ClCompile Include="google\protobuf\source_context.pb.cc">
      <Filter>google\protobuf</Filter>
    </ClCompile>
    <ClCompile Include="google\protobuf\struct.pb.cc">
      <Filter>google\protobuf</Filter>
    </ClCompile>
    <ClCompile Include="google\protobuf\text_format.cc">
      <Filter>google\protobuf</Filter>
    </ClCompile>
    <ClCompile Include="google\protobuf\timestamp.pb.cc">
      <Filter>google\protobuf</Filter>
    </ClCompile>
    <ClCompile Include="google\protobuf\type.pb.cc">
      <Filter>google\protobuf</Filter>
    </ClCompile>
    <ClCompile Include="google\protobuf\unknown_field_set.cc">
      <Filter>google\protobuf</Filter>
    </ClCompile>
    <ClCompile Include="google\protobuf\wire_format.cc">
      <Filter>google\protobuf</Filter>
    </ClCompile>
    <ClCompile Include="google\protobuf\wire_format_lite.cc">
      <Filter>google\protobuf</Filter>
    </ClCompile>
    <ClCompile Include="google\protobuf\wrappers.pb.cc">
      <Filter>google\protobuf</Filter>
    </ClCompile>
    <ClCompile Include="google\protobuf\io\zero_copy_stream_impl.cc">
      <Filter>google\protobuf\io</Filter>
    </ClCompile>
    <ClCompile Include="google\protobuf\io\zero_copy_stream_impl_lite.cc">
      <Filter>google\protobuf\io</Filter>
    </ClCompile>
    <ClCompile Include="google\protobuf\io\coded_stream.cc">
      <Filter>google\protobuf\io</Filter>
    </ClCompile>
    <ClCompile Include="google\protobuf\io\gzip_stream.cc">
      <Filter>google\protobuf\io</Filter>
    </ClCompile>
    <ClCompile Include="google\protobuf\io\io_win32.cc">
      <Filter>google\protobuf\io</Filter>
    </ClCompile>
    <ClCompile Include="google\protobuf\io\printer.cc">
      <Filter>google\protobuf\io</Filter>
    </ClCompile>
    <ClCompile Include="google\protobuf\io\strtod.cc">
      <Filter>google\protobuf\io</Filter>
    </ClCompile>
    <ClCompile Include="google\protobuf\io\tokenizer.cc">
      <Filter>google\protobuf\io</Filter>
    </ClCompile>
    <ClCompile Include="google\protobuf\io\zero_copy_stream.cc">
      <Filter>google\protobuf\io</Filter>
    </ClCompile>
    <ClCompile Include="google\protobuf\stubs\time.cc">
      <Filter>google\protobuf\stubs</Filter>
    </ClCompile>
    <ClCompile Include="google\protobuf\stubs\bytestream.cc">
      <Filter>google\protobuf\stubs</Filter>
    </ClCompile>
    <ClCompile Include="google\protobuf\stubs\common.cc">
      <Filter>google\protobuf\stubs</Filter>
    </ClCompile>
    <ClCompile Include="google\protobuf\stubs\int128.cc">
      <Filter>google\protobuf\stubs</Filter>
    </ClCompile>
    <ClCompile Include="google\protobuf\stubs\status.cc">
      <Filter>google\protobuf\stubs</Filter>
    </ClCompile>
    <ClCompile Include="google\protobuf\stubs\statusor.cc">
      <Filter>google\protobuf\stubs</Filter>
    </ClCompile>
    <ClCompile Include="google\protobuf\stubs\stringpiece.cc">
      <Filter>google\protobuf\stubs</Filter>
    </ClCompile>
    <ClCompile Include="google\protobuf\stubs\stringprintf.cc">
      <Filter>google\protobuf\stubs</Filter>
    </ClCompile>
    <ClCompile Include="google\protobuf\stubs\structurally_valid.cc">
      <Filter>google\protobuf\stubs</Filter>
    </ClCompile>
    <ClCompile Include="google\protobuf\stubs\strutil.cc">
      <Filter>google\protobuf\stubs</Filter>
    </ClCompile>
    <ClCompile Include="google\protobuf\stubs\substitute.cc">
      <Filter>google\protobuf\stubs</Filter>
    </ClCompile>
    <ClCompile Include="google\protobuf\util\json_util.cc">
      <Filter>google\protobuf\util</Filter>
    </ClCompile>
    <ClCompile Include="google\protobuf\util\message_differencer.cc">
      <Filter>google\protobuf\util</Filter>
    </ClCompile>
    <ClCompile Include="google\protobuf\util\time_util.cc">
      <Filter>google\protobuf\util</Filter>
    </ClCompile>
    <ClCompile Include="google\protobuf\util\type_resolver_util.cc">
      <Filter>google\protobuf\util</Filter>
    </ClCompile>
    <ClCompile Include="google\protobuf\util\delimited_message_util.cc">
      <Filter>google\protobuf\util</Filter>
    </ClCompile>
    <ClCompile Include="google\protobuf\util\field_comparator.cc">
      <Filter>google\protobuf\util</Filter>
    </ClCompile>
    <ClCompile Include="google\protobuf\util\field_mask_util.cc">
      <Filter>google\protobuf\util</Filter>
    </ClCompile>
    <ClCompile Include="google\protobuf\util\internal\datapiece.cc">
      <Filter>google\protobuf\util\internal</Filter>
    </ClCompile>
    <ClCompile Include="google\protobuf\util\internal\default_value_objectwriter.cc">
      <Filter>google\protobuf\util\internal</Filter>
    </ClCompile>
    <ClCompile Include="google\protobuf\util\internal\error_listener.cc">
      <Filter>google\protobuf\util\internal</Filter>
    </ClCompile>
    <ClCompile Include="google\protobuf\util\internal\field_mask_utility.cc">
      <Filter>google\protobuf\util\internal</Filter>
    </ClCompile>
    <ClCompile Include="google\protobuf\util\internal\json_escaping.cc">
      <Filter>google\protobuf\util\internal</Filter>
    </ClCompile>
    <ClCompile Include="google\protobuf\util\internal\json_objectwriter.cc">
      <Filter>google\protobuf\util\internal</Filter>
    </ClCompile>
    <ClCompile Include="google\protobuf\util\internal\json_stream_parser.cc">
      <Filter>google\protobuf\util\internal</Filter>
    </ClCompile>
    <ClCompile Include="google\protobuf\util\internal\object_writer.cc">
      <Filter>google\protobuf\util\internal</Filter>
    </ClCompile>
    <ClCompile Include="google\protobuf\util\internal\proto_writer.cc">
      <Filter>google\protobuf\util\internal</Filter>
    </ClCompile>
    <ClCompile Include="google\protobuf\util\internal\protostream_objectsource.cc">
      <Filter>google\protobuf\util\internal</Filter>
    </ClCompile>
    <ClCompile Include="google\protobuf\util\internal\protostream_objectwriter.cc">
      <Filter>google\protobuf\util\internal</Filter>
    </ClCompile>
    <ClCompile Include="google\protobuf\util\internal\type_info.cc">
      <Filter>google\protobuf\util\internal</Filter>
    </ClCompile>
    <ClCompile Include="google\protobuf\util\internal\utility.cc">
      <Filter>google\protobuf\util\internal</Filter>
    </ClCompile>
  </ItemGroup>
  <ItemGroup>
    <QtRcc Include="InfinityStudio0.qrc" />
  </ItemGroup>
  <ItemGroup>
    <Filter Include="CJsonObject">
      <UniqueIdentifier>{1f6c0d26-a9ab-4d74-aac5-67afb504cfb0}</UniqueIdentifier>
    </Filter>
    <Filter Include="Header Files">
      <UniqueIdentifier>{93995380-89BD-4b04-88EB-625FBE52EBFB}</UniqueIdentifier>
      <Extensions>h;hh;hpp;hxx;hm;inl;inc;xsd</Extensions>
      <ParseFiles>true</ParseFiles>
    </Filter>
    <Filter Include="Source Files">
      <UniqueIdentifier>{4FC737F1-C7A5-4376-A066-2A32D752A2FF}</UniqueIdentifier>
      <Extensions>cpp;c;cc;cxx;def;odl;idl;hpj;bat;asm;asmx</Extensions>
      <ParseFiles>true</ParseFiles>
    </Filter>
    <Filter Include="Form Files">
      <UniqueIdentifier>{99349809-55BA-4b9d-BF79-8FDBB0286EB3}</UniqueIdentifier>
      <Extensions>ui</Extensions>
      <ParseFiles>true</ParseFiles>
    </Filter>
    <Filter Include="Header Files\utils">
      <UniqueIdentifier>{dcfe7fb0-75de-4467-bc85-408adf96ef5e}</UniqueIdentifier>
    </Filter>
    <Filter Include="Source Files\utils">
      <UniqueIdentifier>{fe2804b6-2bc7-44ae-8485-17a30f3cbdf7}</UniqueIdentifier>
    </Filter>
    <Filter Include="Header Files\editor">
      <UniqueIdentifier>{2d32391e-43ad-4d0b-ada0-a340b2d6076d}</UniqueIdentifier>
    </Filter>
    <Filter Include="Header Files\editor\bars">
      <UniqueIdentifier>{97cf51e3-d1fc-42a8-bbfa-4d84060f0a7d}</UniqueIdentifier>
    </Filter>
    <Filter Include="Header Files\editor\buttons">
      <UniqueIdentifier>{ceacb5a2-b98c-466b-bc71-ba0b9a907354}</UniqueIdentifier>
    </Filter>
    <Filter Include="Source Files\editor">
      <UniqueIdentifier>{07afa350-b54b-4486-b2ad-ebbdd9d53a23}</UniqueIdentifier>
    </Filter>
    <Filter Include="Source Files\editor\bars">
      <UniqueIdentifier>{764b65d2-ec0c-4a06-8435-7eb54e5fb2a7}</UniqueIdentifier>
    </Filter>
    <Filter Include="Source Files\editor\buttons">
      <UniqueIdentifier>{e3c4cff6-678b-4b96-a4ea-92715d1cd2b1}</UniqueIdentifier>
    </Filter>
    <Filter Include="Lua">
      <UniqueIdentifier>{2bb7dc9a-6b42-4208-9ebc-66adb43c9f81}</UniqueIdentifier>
    </Filter>
    <Filter Include="Header Files\vm">
      <UniqueIdentifier>{5dd12503-0855-4f84-bae2-453ca6093491}</UniqueIdentifier>
    </Filter>
    <Filter Include="Source Files\vm">
      <UniqueIdentifier>{3d0aed57-279a-43e1-80b4-e94fa27a2cd7}</UniqueIdentifier>
    </Filter>
    <Filter Include="Lua\Infinity">
      <UniqueIdentifier>{8d8769ce-cf00-44e4-a053-db6bdbd9bbb6}</UniqueIdentifier>
    </Filter>
    <Filter Include="Header Files\llibs">
      <UniqueIdentifier>{f222a447-104e-44dd-b241-1ba80906499e}</UniqueIdentifier>
    </Filter>
    <Filter Include="Source Files\llibs">
      <UniqueIdentifier>{4521b804-ebb0-4eb8-b0b6-71eb68f29d1b}</UniqueIdentifier>
    </Filter>
    <Filter Include="Pb">
      <UniqueIdentifier>{781925e8-5317-488d-8a64-14a74616c6c3}</UniqueIdentifier>
    </Filter>
    <Filter Include="Pb\utils">
      <UniqueIdentifier>{ca9abdc3-9e72-4449-a463-9d6248006ad2}</UniqueIdentifier>
    </Filter>
    <Filter Include="google">
      <UniqueIdentifier>{51cc0050-ae83-4ccf-84e4-0b2e42ddcd51}</UniqueIdentifier>
    </Filter>
    <Filter Include="google\protobuf">
      <UniqueIdentifier>{94e83f88-a4a4-4984-ae08-ef289bdb38a4}</UniqueIdentifier>
    </Filter>
    <Filter Include="google\protobuf\io">
      <UniqueIdentifier>{39f363d5-bf5d-4ac1-ac88-5bc6d11424c0}</UniqueIdentifier>
    </Filter>
    <Filter Include="google\protobuf\stubs">
      <UniqueIdentifier>{90901deb-3933-4b48-9faa-c2aaf93c4c83}</UniqueIdentifier>
    </Filter>
    <Filter Include="google\protobuf\util">
      <UniqueIdentifier>{c2855446-39d9-44a2-a0b2-2579edf62402}</UniqueIdentifier>
    </Filter>
    <Filter Include="google\protobuf\util\internal">
      <UniqueIdentifier>{9e812c0a-3126-4c2b-83eb-e0fa87996e0e}</UniqueIdentifier>
    </Filter>
  </ItemGroup>
  <ItemGroup>
    <ClInclude Include="CJsonObject\cJSON.h">
      <Filter>CJsonObject</Filter>
    </ClInclude>
    <ClInclude Include="CJsonObject\CJsonObject.hpp">
      <Filter>CJsonObject</Filter>
    </ClInclude>
    <ClInclude Include="resource.h">
      <Filter>Header Files</Filter>
    </ClInclude>
    <ClInclude Include="GetConfig.h">
      <Filter>Header Files\utils</Filter>
    </ClInclude>
    <ClInclude Include="GetStyle.h">
      <Filter>Header Files\utils</Filter>
    </ClInclude>
    <ClInclude Include="GetTrans.h">
      <Filter>Header Files\utils</Filter>
    </ClInclude>
    <ClInclude Include="Infinity_global.h">
      <Filter>Header Files\utils</Filter>
    </ClInclude>
    <ClInclude Include="Lua\lapi.h">
      <Filter>Lua</Filter>
    </ClInclude>
    <ClInclude Include="Lua\lauxlib.h">
      <Filter>Lua</Filter>
    </ClInclude>
    <ClInclude Include="Lua\lcode.h">
      <Filter>Lua</Filter>
    </ClInclude>
    <ClInclude Include="Lua\lctype.h">
      <Filter>Lua</Filter>
    </ClInclude>
    <ClInclude Include="Lua\ldebug.h">
      <Filter>Lua</Filter>
    </ClInclude>
    <ClInclude Include="Lua\ldo.h">
      <Filter>Lua</Filter>
    </ClInclude>
    <ClInclude Include="Lua\lfunc.h">
      <Filter>Lua</Filter>
    </ClInclude>
    <ClInclude Include="Lua\lgc.h">
      <Filter>Lua</Filter>
    </ClInclude>
    <ClInclude Include="Lua\ljumptab.h">
      <Filter>Lua</Filter>
    </ClInclude>
    <ClInclude Include="Lua\llex.h">
      <Filter>Lua</Filter>
    </ClInclude>
    <ClInclude Include="Lua\llimits.h">
      <Filter>Lua</Filter>
    </ClInclude>
    <ClInclude Include="Lua\lmem.h">
      <Filter>Lua</Filter>
    </ClInclude>
    <ClInclude Include="Lua\lobject.h">
      <Filter>Lua</Filter>
    </ClInclude>
    <ClInclude Include="Lua\lopcodes.h">
      <Filter>Lua</Filter>
    </ClInclude>
    <ClInclude Include="Lua\lopnames.h">
      <Filter>Lua</Filter>
    </ClInclude>
    <ClInclude Include="Lua\lparser.h">
      <Filter>Lua</Filter>
    </ClInclude>
    <ClInclude Include="Lua\lprefix.h">
      <Filter>Lua</Filter>
    </ClInclude>
    <ClInclude Include="Lua\lstate.h">
      <Filter>Lua</Filter>
    </ClInclude>
    <ClInclude Include="Lua\lstring.h">
      <Filter>Lua</Filter>
    </ClInclude>
    <ClInclude Include="Lua\ltable.h">
      <Filter>Lua</Filter>
    </ClInclude>
    <ClInclude Include="Lua\ltm.h">
      <Filter>Lua</Filter>
    </ClInclude>
    <ClInclude Include="Lua\lua.h">
      <Filter>Lua</Filter>
    </ClInclude>
    <ClInclude Include="Lua\lua.hpp">
      <Filter>Lua</Filter>
    </ClInclude>
    <ClInclude Include="Lua\luaconf.h">
      <Filter>Lua</Filter>
    </ClInclude>
    <ClInclude Include="Lua\lualib.h">
      <Filter>Lua</Filter>
    </ClInclude>
    <ClInclude Include="Lua\lundump.h">
      <Filter>Lua</Filter>
    </ClInclude>
    <ClInclude Include="Lua\lvm.h">
      <Filter>Lua</Filter>
    </ClInclude>
    <ClInclude Include="Lua\lzio.h">
      <Filter>Lua</Filter>
    </ClInclude>
    <ClInclude Include="Lua\Infinity\IIO.h">
      <Filter>Lua\Infinity</Filter>
    </ClInclude>
    <ClInclude Include="ILLibs.h">
      <Filter>Header Files\llibs</Filter>
    </ClInclude>
    <ClInclude Include="Pb\tparam.pb.h">
      <Filter>Pb</Filter>
    </ClInclude>
    <ClInclude Include="Pb\track.pb.h">
      <Filter>Pb</Filter>
    </ClInclude>
    <ClInclude Include="Pb\wave.pb.h">
      <Filter>Pb</Filter>
    </ClInclude>
    <ClInclude Include="Pb\effect.pb.h">
      <Filter>Pb</Filter>
    </ClInclude>
    <ClInclude Include="Pb\note.pb.h">
      <Filter>Pb</Filter>
    </ClInclude>
    <ClInclude Include="Pb\nparam.pb.h">
      <Filter>Pb</Filter>
    </ClInclude>
    <ClInclude Include="Pb\point.pb.h">
      <Filter>Pb</Filter>
    </ClInclude>
    <ClInclude Include="Pb\ppatt.pb.h">
      <Filter>Pb</Filter>
    </ClInclude>
    <ClInclude Include="Pb\project.pb.h">
      <Filter>Pb</Filter>
    </ClInclude>
    <ClInclude Include="Pb\utils\pair.pb.h">
      <Filter>Pb\utils</Filter>
    </ClInclude>
    <ClInclude Include="google\protobuf\any.h">
      <Filter>google\protobuf</Filter>
    </ClInclude>
    <ClInclude Include="google\protobuf\any.pb.h">
      <Filter>google\protobuf</Filter>
    </ClInclude>
    <ClInclude Include="google\protobuf\api.pb.h">
      <Filter>google\protobuf</Filter>
    </ClInclude>
    <ClInclude Include="google\protobuf\arena.h">
      <Filter>google\protobuf</Filter>
    </ClInclude>
    <ClInclude Include="google\protobuf\arena_impl.h">
      <Filter>google\protobuf</Filter>
    </ClInclude>
    <ClInclude Include="google\protobuf\arenastring.h">
      <Filter>google\protobuf</Filter>
    </ClInclude>
    <ClInclude Include="google\protobuf\descriptor.h">
      <Filter>google\protobuf</Filter>
    </ClInclude>
    <ClInclude Include="google\protobuf\descriptor.pb.h">
      <Filter>google\protobuf</Filter>
    </ClInclude>
    <ClInclude Include="google\protobuf\descriptor_database.h">
      <Filter>google\protobuf</Filter>
    </ClInclude>
    <ClInclude Include="google\protobuf\duration.pb.h">
      <Filter>google\protobuf</Filter>
    </ClInclude>
    <ClInclude Include="google\protobuf\dynamic_message.h">
      <Filter>google\protobuf</Filter>
    </ClInclude>
    <ClInclude Include="google\protobuf\empty.pb.h">
      <Filter>google\protobuf</Filter>
    </ClInclude>
    <ClInclude Include="google\protobuf\extension_set.h">
      <Filter>google\protobuf</Filter>
    </ClInclude>
    <ClInclude Include="google\protobuf\extension_set_inl.h">
      <Filter>google\protobuf</Filter>
    </ClInclude>
    <ClInclude Include="google\protobuf\field_access_listener.h">
      <Filter>google\protobuf</Filter>
    </ClInclude>
    <ClInclude Include="google\protobuf\field_mask.pb.h">
      <Filter>google\protobuf</Filter>
    </ClInclude>
    <ClInclude Include="google\protobuf\generated_enum_reflection.h">
      <Filter>google\protobuf</Filter>
    </ClInclude>
    <ClInclude Include="google\protobuf\generated_enum_util.h">
      <Filter>google\protobuf</Filter>
    </ClInclude>
    <ClInclude Include="google\protobuf\generated_message_reflection.h">
      <Filter>google\protobuf</Filter>
    </ClInclude>
    <ClInclude Include="google\protobuf\generated_message_table_driven.h">
      <Filter>google\protobuf</Filter>
    </ClInclude>
    <ClInclude Include="google\protobuf\generated_message_table_driven_lite.h">
      <Filter>google\protobuf</Filter>
    </ClInclude>
    <ClInclude Include="google\protobuf\generated_message_tctable_decl.h">
      <Filter>google\protobuf</Filter>
    </ClInclude>
    <ClInclude Include="google\protobuf\generated_message_tctable_impl.h">
      <Filter>google\protobuf</Filter>
    </ClInclude>
    <ClInclude Include="google\protobuf\generated_message_util.h">
      <Filter>google\protobuf</Filter>
    </ClInclude>
    <ClInclude Include="google\protobuf\has_bits.h">
      <Filter>google\protobuf</Filter>
    </ClInclude>
    <ClInclude Include="google\protobuf\implicit_weak_message.h">
      <Filter>google\protobuf</Filter>
    </ClInclude>
    <ClInclude Include="google\protobuf\map.h">
      <Filter>google\protobuf</Filter>
    </ClInclude>
    <ClInclude Include="google\protobuf\map_entry.h">
      <Filter>google\protobuf</Filter>
    </ClInclude>
    <ClInclude Include="google\protobuf\map_entry_lite.h">
      <Filter>google\protobuf</Filter>
    </ClInclude>
    <ClInclude Include="google\protobuf\map_field.h">
      <Filter>google\protobuf</Filter>
    </ClInclude>
    <ClInclude Include="google\protobuf\map_field_inl.h">
      <Filter>google\protobuf</Filter>
    </ClInclude>
    <ClInclude Include="google\protobuf\map_field_lite.h">
      <Filter>google\protobuf</Filter>
    </ClInclude>
    <ClInclude Include="google\protobuf\map_type_handler.h">
      <Filter>google\protobuf</Filter>
    </ClInclude>
    <ClInclude Include="google\protobuf\message.h">
      <Filter>google\protobuf</Filter>
    </ClInclude>
    <ClInclude Include="google\protobuf\message_lite.h">
      <Filter>google\protobuf</Filter>
    </ClInclude>
    <ClInclude Include="google\protobuf\metadata.h">
      <Filter>google\protobuf</Filter>
    </ClInclude>
    <ClInclude Include="google\protobuf\metadata_lite.h">
      <Filter>google\protobuf</Filter>
    </ClInclude>
    <ClInclude Include="google\protobuf\package_info.h">
      <Filter>google\protobuf</Filter>
    </ClInclude>
    <ClInclude Include="google\protobuf\parse_context.h">
      <Filter>google\protobuf</Filter>
    </ClInclude>
    <ClInclude Include="google\protobuf\port.h">
      <Filter>google\protobuf</Filter>
    </ClInclude>
    <ClInclude Include="google\protobuf\reflection.h">
      <Filter>google\protobuf</Filter>
    </ClInclude>
    <ClInclude Include="google\protobuf\reflection_internal.h">
      <Filter>google\protobuf</Filter>
    </ClInclude>
    <ClInclude Include="google\protobuf\reflection_ops.h">
      <Filter>google\protobuf</Filter>
    </ClInclude>
    <ClInclude Include="google\protobuf\repeated_field.h">
      <Filter>google\protobuf</Filter>
    </ClInclude>
    <ClInclude Include="google\protobuf\service.h">
      <Filter>google\protobuf</Filter>
    </ClInclude>
    <ClInclude Include="google\protobuf\source_context.pb.h">
      <Filter>google\protobuf</Filter>
    </ClInclude>
    <ClInclude Include="google\protobuf\struct.pb.h">
      <Filter>google\protobuf</Filter>
    </ClInclude>
    <ClInclude Include="google\protobuf\text_format.h">
      <Filter>google\protobuf</Filter>
    </ClInclude>
    <ClInclude Include="google\protobuf\timestamp.pb.h">
      <Filter>google\protobuf</Filter>
    </ClInclude>
    <ClInclude Include="google\protobuf\type.pb.h">
      <Filter>google\protobuf</Filter>
    </ClInclude>
    <ClInclude Include="google\protobuf\unknown_field_set.h">
      <Filter>google\protobuf</Filter>
    </ClInclude>
    <ClInclude Include="google\protobuf\wire_format.h">
      <Filter>google\protobuf</Filter>
    </ClInclude>
    <ClInclude Include="google\protobuf\wire_format_lite.h">
      <Filter>google\protobuf</Filter>
    </ClInclude>
    <ClInclude Include="google\protobuf\wrappers.pb.h">
      <Filter>google\protobuf</Filter>
    </ClInclude>
    <ClInclude Include="google\protobuf\io\zero_copy_stream_impl.h">
      <Filter>google\protobuf\io</Filter>
    </ClInclude>
    <ClInclude Include="google\protobuf\io\zero_copy_stream_impl_lite.h">
      <Filter>google\protobuf\io</Filter>
    </ClInclude>
    <ClInclude Include="google\protobuf\io\coded_stream.h">
      <Filter>google\protobuf\io</Filter>
    </ClInclude>
    <ClInclude Include="google\protobuf\io\gzip_stream.h">
      <Filter>google\protobuf\io</Filter>
    </ClInclude>
    <ClInclude Include="google\protobuf\io\io_win32.h">
      <Filter>google\protobuf\io</Filter>
    </ClInclude>
    <ClInclude Include="google\protobuf\io\package_info.h">
      <Filter>google\protobuf\io</Filter>
    </ClInclude>
    <ClInclude Include="google\protobuf\io\printer.h">
      <Filter>google\protobuf\io</Filter>
    </ClInclude>
    <ClInclude Include="google\protobuf\io\strtod.h">
      <Filter>google\protobuf\io</Filter>
    </ClInclude>
    <ClInclude Include="google\protobuf\io\tokenizer.h">
      <Filter>google\protobuf\io</Filter>
    </ClInclude>
    <ClInclude Include="google\protobuf\io\zero_copy_stream.h">
      <Filter>google\protobuf\io</Filter>
    </ClInclude>
    <ClInclude Include="google\protobuf\stubs\template_util.h">
      <Filter>google\protobuf\stubs</Filter>
    </ClInclude>
    <ClInclude Include="google\protobuf\stubs\time.h">
      <Filter>google\protobuf\stubs</Filter>
    </ClInclude>
    <ClInclude Include="google\protobuf\stubs\bytestream.h">
      <Filter>google\protobuf\stubs</Filter>
    </ClInclude>
    <ClInclude Include="google\protobuf\stubs\callback.h">
      <Filter>google\protobuf\stubs</Filter>
    </ClInclude>
    <ClInclude Include="google\protobuf\stubs\casts.h">
      <Filter>google\protobuf\stubs</Filter>
    </ClInclude>
    <ClInclude Include="google\protobuf\stubs\common.h">
      <Filter>google\protobuf\stubs</Filter>
    </ClInclude>
    <ClInclude Include="google\protobuf\stubs\hash.h">
      <Filter>google\protobuf\stubs</Filter>
    </ClInclude>
    <ClInclude Include="google\protobuf\stubs\int128.h">
      <Filter>google\protobuf\stubs</Filter>
    </ClInclude>
    <ClInclude Include="google\protobuf\stubs\logging.h">
      <Filter>google\protobuf\stubs</Filter>
    </ClInclude>
    <ClInclude Include="google\protobuf\stubs\macros.h">
      <Filter>google\protobuf\stubs</Filter>
    </ClInclude>
    <ClInclude Include="google\protobuf\stubs\map_util.h">
      <Filter>google\protobuf\stubs</Filter>
    </ClInclude>
    <ClInclude Include="google\protobuf\stubs\mathutil.h">
      <Filter>google\protobuf\stubs</Filter>
    </ClInclude>
    <ClInclude Include="google\protobuf\stubs\mutex.h">
      <Filter>google\protobuf\stubs</Filter>
    </ClInclude>
    <ClInclude Include="google\protobuf\stubs\once.h">
      <Filter>google\protobuf\stubs</Filter>
    </ClInclude>
    <ClInclude Include="google\protobuf\stubs\platform_macros.h">
      <Filter>google\protobuf\stubs</Filter>
    </ClInclude>
    <ClInclude Include="google\protobuf\stubs\port.h">
      <Filter>google\protobuf\stubs</Filter>
    </ClInclude>
    <ClInclude Include="google\protobuf\stubs\status.h">
      <Filter>google\protobuf\stubs</Filter>
    </ClInclude>
    <ClInclude Include="google\protobuf\stubs\status_macros.h">
      <Filter>google\protobuf\stubs</Filter>
    </ClInclude>
    <ClInclude Include="google\protobuf\stubs\statusor.h">
      <Filter>google\protobuf\stubs</Filter>
    </ClInclude>
    <ClInclude Include="google\protobuf\stubs\stl_util.h">
      <Filter>google\protobuf\stubs</Filter>
    </ClInclude>
    <ClInclude Include="google\protobuf\stubs\stringpiece.h">
      <Filter>google\protobuf\stubs</Filter>
    </ClInclude>
    <ClInclude Include="google\protobuf\stubs\stringprintf.h">
      <Filter>google\protobuf\stubs</Filter>
    </ClInclude>
    <ClInclude Include="google\protobuf\stubs\strutil.h">
      <Filter>google\protobuf\stubs</Filter>
    </ClInclude>
    <ClInclude Include="google\protobuf\stubs\substitute.h">
      <Filter>google\protobuf\stubs</Filter>
    </ClInclude>
    <ClInclude Include="google\protobuf\util\delimited_message_util.h">
      <Filter>google\protobuf\util</Filter>
    </ClInclude>
    <ClInclude Include="google\protobuf\util\field_comparator.h">
      <Filter>google\protobuf\util</Filter>
    </ClInclude>
    <ClInclude Include="google\protobuf\util\field_mask_util.h">
      <Filter>google\protobuf\util</Filter>
    </ClInclude>
    <ClInclude Include="google\protobuf\util\json_util.h">
      <Filter>google\protobuf\util</Filter>
    </ClInclude>
    <ClInclude Include="google\protobuf\util\message_differencer.h">
      <Filter>google\protobuf\util</Filter>
    </ClInclude>
    <ClInclude Include="google\protobuf\util\package_info.h">
      <Filter>google\protobuf\util</Filter>
    </ClInclude>
    <ClInclude Include="google\protobuf\util\time_util.h">
      <Filter>google\protobuf\util</Filter>
    </ClInclude>
    <ClInclude Include="google\protobuf\util\type_resolver.h">
      <Filter>google\protobuf\util</Filter>
    </ClInclude>
    <ClInclude Include="google\protobuf\util\type_resolver_util.h">
      <Filter>google\protobuf\util</Filter>
    </ClInclude>
    <ClInclude Include="google\protobuf\util\internal\datapiece.h">
      <Filter>google\protobuf\util\internal</Filter>
    </ClInclude>
    <ClInclude Include="google\protobuf\util\internal\default_value_objectwriter.h">
      <Filter>google\protobuf\util\internal</Filter>
    </ClInclude>
    <ClInclude Include="google\protobuf\util\internal\error_listener.h">
      <Filter>google\protobuf\util\internal</Filter>
    </ClInclude>
    <ClInclude Include="google\protobuf\util\internal\expecting_objectwriter.h">
      <Filter>google\protobuf\util\internal</Filter>
    </ClInclude>
    <ClInclude Include="google\protobuf\util\internal\field_mask_utility.h">
      <Filter>google\protobuf\util\internal</Filter>
    </ClInclude>
    <ClInclude Include="google\protobuf\util\internal\json_escaping.h">
      <Filter>google\protobuf\util\internal</Filter>
    </ClInclude>
    <ClInclude Include="google\protobuf\util\internal\json_objectwriter.h">
      <Filter>google\protobuf\util\internal</Filter>
    </ClInclude>
    <ClInclude Include="google\protobuf\util\internal\json_stream_parser.h">
      <Filter>google\protobuf\util\internal</Filter>
    </ClInclude>
    <ClInclude Include="google\protobuf\util\internal\location_tracker.h">
      <Filter>google\protobuf\util\internal</Filter>
    </ClInclude>
    <ClInclude Include="google\protobuf\util\internal\mock_error_listener.h">
      <Filter>google\protobuf\util\internal</Filter>
    </ClInclude>
    <ClInclude Include="google\protobuf\util\internal\object_location_tracker.h">
      <Filter>google\protobuf\util\internal</Filter>
    </ClInclude>
    <ClInclude Include="google\protobuf\util\internal\object_source.h">
      <Filter>google\protobuf\util\internal</Filter>
    </ClInclude>
    <ClInclude Include="google\protobuf\util\internal\object_writer.h">
      <Filter>google\protobuf\util\internal</Filter>
    </ClInclude>
    <ClInclude Include="google\protobuf\util\internal\proto_writer.h">
      <Filter>google\protobuf\util\internal</Filter>
    </ClInclude>
    <ClInclude Include="google\protobuf\util\internal\protostream_objectsource.h">
      <Filter>google\protobuf\util\internal</Filter>
    </ClInclude>
    <ClInclude Include="google\protobuf\util\internal\protostream_objectwriter.h">
      <Filter>google\protobuf\util\internal</Filter>
    </ClInclude>
    <ClInclude Include="google\protobuf\util\internal\structured_objectwriter.h">
      <Filter>google\protobuf\util\internal</Filter>
    </ClInclude>
    <ClInclude Include="google\protobuf\util\internal\type_info.h">
      <Filter>google\protobuf\util\internal</Filter>
    </ClInclude>
    <ClInclude Include="google\protobuf\util\internal\utility.h">
      <Filter>google\protobuf\util\internal</Filter>
    </ClInclude>
    <ClInclude Include="google\protobuf\util\internal\constants.h">
      <Filter>google\protobuf\util\internal</Filter>
    </ClInclude>
  </ItemGroup>
  <ItemGroup>
    <QtMoc Include="CloseButton.h">
      <Filter>Header Files\editor\buttons</Filter>
    </QtMoc>
    <QtMoc Include="FloatButton.h">
      <Filter>Header Files\editor\buttons</Filter>
    </QtMoc>
    <QtMoc Include="MainMenuButton.h">
      <Filter>Header Files\editor\buttons</Filter>
    </QtMoc>
    <QtMoc Include="MaxiumButton.h">
      <Filter>Header Files\editor\buttons</Filter>
    </QtMoc>
    <QtMoc Include="MiniumButton.h">
      <Filter>Header Files\editor\buttons</Filter>
    </QtMoc>
    <QtMoc Include="PermanentToolButton.h">
      <Filter>Header Files\editor\buttons</Filter>
    </QtMoc>
    <QtMoc Include="TitleButton.h">
      <Filter>Header Files\editor\buttons</Filter>
    </QtMoc>
    <QtMoc Include="ToolButton.h">
      <Filter>Header Files\editor\buttons</Filter>
    </QtMoc>
    <QtMoc Include="MainMenuBar.h">
      <Filter>Header Files\editor\bars</Filter>
    </QtMoc>
    <QtMoc Include="ToolBar.h">
      <Filter>Header Files\editor\bars</Filter>
    </QtMoc>
    <QtMoc Include="Infinity_Events.h">
      <Filter>Header Files\utils</Filter>
    </QtMoc>
    <QtMoc Include="StyleContainer.h">
      <Filter>Header Files\utils</Filter>
    </QtMoc>
    <QtMoc Include="MultiToolButton.h">
      <Filter>Header Files\editor\buttons</Filter>
    </QtMoc>
    <QtMoc Include="StatusBar.h">
      <Filter>Header Files\editor\bars</Filter>
    </QtMoc>
    <QtMoc Include="ClickButton.h">
      <Filter>Header Files\editor\buttons</Filter>
    </QtMoc>
    <QtMoc Include="ConsoleButton.h">
      <Filter>Header Files\editor\buttons</Filter>
    </QtMoc>
    <QtMoc Include="CentralWidget.h">
      <Filter>Header Files\editor</Filter>
    </QtMoc>
    <QtMoc Include="InfinityStudio0.h">
      <Filter>Header Files\editor</Filter>
    </QtMoc>
    <QtMoc Include="NoteWidget.h">
      <Filter>Header Files\editor</Filter>
    </QtMoc>
    <QtMoc Include="ParamWidget.h">
      <Filter>Header Files\editor</Filter>
    </QtMoc>
    <QtMoc Include="RefreshableWidget.h">
      <Filter>Header Files\editor</Filter>
    </QtMoc>
    <QtMoc Include="Title.h">
      <Filter>Header Files\editor</Filter>
    </QtMoc>
    <QtMoc Include="TrackWidget.h">
      <Filter>Header Files\editor</Filter>
    </QtMoc>
    <QtMoc Include="ConsoleWidget.h">
      <Filter>Header Files\editor</Filter>
    </QtMoc>
    <QtMoc Include="VScollBar.h">
      <Filter>Header Files\editor\bars</Filter>
    </QtMoc>
    <QtMoc Include="ConsoleScollBar.h">
      <Filter>Header Files\editor\bars</Filter>
    </QtMoc>
    <QtMoc Include="ILVM.h">
      <Filter>Header Files\vm</Filter>
    </QtMoc>
    <QtMoc Include="LThread.h">
      <Filter>Header Files\vm</Filter>
    </QtMoc>
    <QtMoc Include="StatusButton.h">
      <Filter>Header Files\editor\buttons</Filter>
    </QtMoc>
    <QtMoc Include="VMStateButton.h">
      <Filter>Header Files\editor\buttons</Filter>
    </QtMoc>
    <QtMoc Include="StringQueueThread.h">
      <Filter>Header Files\utils</Filter>
    </QtMoc>
  </ItemGroup>
  <ItemGroup>
    <None Include="cpp.hint" />
    <None Include="google\protobuf\generated_message_tctable_impl.inc">
      <Filter>google\protobuf</Filter>
    </None>
    <None Include="google\protobuf\port_def.inc">
      <Filter>google\protobuf</Filter>
    </None>
    <None Include="google\protobuf\port_undef.inc">
      <Filter>google\protobuf</Filter>
    </None>
  </ItemGroup>
  <ItemGroup>
    <ResourceCompile Include="Resource.rc" />
  </ItemGroup>
  <ItemGroup>
    <Image Include="LOGO.ico" />
  </ItemGroup>
</Project>